{
  "name": "stateler-js",
  "version": "0.0.1",
  "lockfileVersion": 3,
  "requires": true,
  "packages": {
    "": {
      "name": "stateler-js",
      "version": "0.0.1",
      "license": "ISC",
      "dependencies": {
        "@noble/curves": "^0.7.1",
        "@types/node": "^18.14.1"
      }
    },
    "node_modules/@noble/curves": {
      "version": "0.7.1",
      "resolved": "https://registry.npmjs.org/@noble/curves/-/curves-0.7.1.tgz",
      "integrity": "sha512-dodwTK3H/0h8BY59J6RxHLC12JPXxmbZUiX5LNX8PjmShcHQXCXaIvXnSXJpFPzAN08SKd8rTrLrzLLNiwU90g==",
      "funding": [
        {
          "type": "individual",
          "url": "https://paulmillr.com/funding/"
        }
      ],
      "dependencies": {
        "@noble/hashes": "1.2.0"
      }
    },
    "node_modules/@noble/hashes": {
      "version": "1.2.0",
      "resolved": "https://registry.npmjs.org/@noble/hashes/-/hashes-1.2.0.tgz",
      "integrity": "sha512-FZfhjEDbT5GRswV3C6uvLPHMiVD6lQBmpoX5+eSiPaMTXte/IKqI5dykDxzZB/WBeK/CDuQRBWarPdi3FNY2zQ==",
      "funding": [
        {
          "type": "individual",
          "url": "https://paulmillr.com/funding/"
        }
      ]
    },
    "node_modules/@types/node": {
      "version": "18.14.1",
      "resolved": "https://registry.npmjs.org/@types/node/-/node-18.14.1.tgz",
      "integrity": "sha512-QH+37Qds3E0eDlReeboBxfHbX9omAcBCXEzswCu6jySP642jiM3cYSIkU/REqwhCUqXdonHFuBfJDiAJxMNhaQ=="
    }
  }
}
